
Microsoft Visual Studio Solution File, Format Version 12.00
# Visual Studio Version 17
VisualStudioVersion = 17.1.32407.343
MinimumVisualStudioVersion = 10.0.40219.1
Project("{2150E333-8FDC-42A3-9474-1A3956D46DE8}") = "00-Shared", "00-Shared", "{5E56DBA5-521F-4D89-AC61-99D1AA9EAD22}"
EndProject
Project("{2150E333-8FDC-42A3-9474-1A3956D46DE8}") = "01-APIs", "01-APIs", "{A2AB866F-C38C-4D5E-A542-C50F413F45D5}"
EndProject
Project("{2150E333-8FDC-42A3-9474-1A3956D46DE8}") = "02-UI", "02-UI", "{61DB1F46-4204-48DD-A71E-732DB45958A8}"
EndProject
Project("{9A19103F-16F7-4668-BE54-9A1E7A4F7556}") = "MangaFatihi.WebUI", "MangaFatihi.WebUI\MangaFatihi.WebUI.csproj", "{FF893A7A-78F1-4FB0-B038-EA81298E2498}"
EndProject
Project("{2150E333-8FDC-42A3-9474-1A3956D46DE8}") = "02-Management", "02-Management", "{BB5AD33D-06FC-416F-B245-3B2C941F3915}"
EndProject
Project("{2150E333-8FDC-42A3-9474-1A3956D46DE8}") = "03-Reader", "03-Reader", "{381284D2-F06E-4B58-A20C-EB4183D57A27}"
EndProject
Project("{2150E333-8FDC-42A3-9474-1A3956D46DE8}") = "04-ApiGateway", "04-ApiGateway", "{A03065E6-922B-4908-B18B-6A24A08BA1F5}"
EndProject
Project("{2150E333-8FDC-42A3-9474-1A3956D46DE8}") = "01-Identity", "01-Identity", "{8CA801A2-F628-409E-8C46-C10932082B69}"
EndProject
Project("{2150E333-8FDC-42A3-9474-1A3956D46DE8}") = "01-Application", "01-Application", "{F568ED0A-F81A-4D2D-AABC-563F8EBF8E8A}"
EndProject
Project("{2150E333-8FDC-42A3-9474-1A3956D46DE8}") = "02-Infrastructure", "02-Infrastructure", "{B538D0D8-488D-4557-9969-1C65AA3CB79F}"
EndProject
Project("{2150E333-8FDC-42A3-9474-1A3956D46DE8}") = "03-Presentation", "03-Presentation", "{1F77E8D7-2097-4810-A297-E732DE3DCE59}"
EndProject
Project("{2150E333-8FDC-42A3-9474-1A3956D46DE8}") = "01-Models", "01-Models", "{1E702682-A30E-4B41-BAA0-D4778850557E}"
EndProject
Project("{9A19103F-16F7-4668-BE54-9A1E7A4F7556}") = "MangaFatihi.Shared.Models", "MangaFatihi.Shared.Models\MangaFatihi.Shared.Models.csproj", "{509FD588-6690-46D1-A8A4-6B456530A142}"
EndProject
Project("{2150E333-8FDC-42A3-9474-1A3956D46DE8}") = "02-Domain", "02-Domain", "{526BB17D-5AE9-4F95-A8B7-91245F61D4CF}"
EndProject
Project("{2150E333-8FDC-42A3-9474-1A3956D46DE8}") = "03-Persistance", "03-Persistance", "{CC404FDC-802D-4CA0-B65A-3A4DA43D8C08}"
EndProject
Project("{9A19103F-16F7-4668-BE54-9A1E7A4F7556}") = "MangaFatihi.Shared.Domain", "MangaFatihi.Shared.Domain\MangaFatihi.Shared.Domain.csproj", "{93D92528-2764-4472-9111-E73A87B0AED4}"
EndProject
Project("{9A19103F-16F7-4668-BE54-9A1E7A4F7556}") = "MangaFatihi.Management.Application", "MangaFatihi.Management.Application\MangaFatihi.Management.Application.csproj", "{C9ACBF3B-88FC-4843-8891-93B89A010260}"
EndProject
Project("{9A19103F-16F7-4668-BE54-9A1E7A4F7556}") = "MangaFatihi.Shared.Persistance", "MangaFatihi.Shared.Persistance\MangaFatihi.Shared.Persistance.csproj", "{07C7A748-7DD0-4D7D-9B0B-53F0F7607CC8}"
EndProject
Project("{2150E333-8FDC-42A3-9474-1A3956D46DE8}") = "05-Utilities", "05-Utilities", "{A5A4B2C4-A910-433A-9108-1557660EBA94}"
EndProject
Project("{9A19103F-16F7-4668-BE54-9A1E7A4F7556}") = "MangaFatihi.Shared.Utilities", "MangaFatihi.Shared.Utilities\MangaFatihi.Shared.Utilities.csproj", "{3FAD2CEB-3F2C-463A-878D-BAF0D46F5528}"
EndProject
Project("{9A19103F-16F7-4668-BE54-9A1E7A4F7556}") = "MangaFatihi.Management.Infrastructure", "MangaFatihi.Management.Infrastructure\MangaFatihi.Management.Infrastructure.csproj", "{69AAAAC5-E2C7-448C-BBD2-B2206FCD7A99}"
EndProject
Project("{9A19103F-16F7-4668-BE54-9A1E7A4F7556}") = "MangaFatihi.Management.WebAPI", "MangaFatihi.Management.WebAPI\MangaFatihi.Management.WebAPI.csproj", "{3201E3DD-A9B4-467C-B717-19A897681330}"
EndProject
Project("{2150E333-8FDC-42A3-9474-1A3956D46DE8}") = "04-Authorize", "04-Authorize", "{189918DC-9478-4F5F-8AAC-CA50808A08DD}"
EndProject
Project("{2150E333-8FDC-42A3-9474-1A3956D46DE8}") = "01-Application", "01-Application", "{E3FDCA76-53D1-485F-AB85-DE80AAD416AF}"
EndProject
Project("{2150E333-8FDC-42A3-9474-1A3956D46DE8}") = "02-Infrastructure", "02-Infrastructure", "{60244F58-B95C-41A0-BF7E-787F5B7BC64F}"
EndProject
Project("{2150E333-8FDC-42A3-9474-1A3956D46DE8}") = "04-Presentation", "04-Presentation", "{3AE8D1DA-5D77-4E9F-A20F-F1703F4655E0}"
EndProject
Project("{9A19103F-16F7-4668-BE54-9A1E7A4F7556}") = "MangaFatihi.Identity.Application", "MangaFatihi.Identity.Application\MangaFatihi.Identity.Application.csproj", "{46A42EEB-D342-4609-AECA-9BEDBD8F83CC}"
EndProject
Project("{9A19103F-16F7-4668-BE54-9A1E7A4F7556}") = "MangaFatihi.Identity.Infrastructure", "MangaFatihi.Identity.Infrastructure\MangaFatihi.Identity.Infrastructure.csproj", "{D6D53EB5-722C-402E-BC8F-DCFABA900C28}"
EndProject
Project("{9A19103F-16F7-4668-BE54-9A1E7A4F7556}") = "MangaFatihi.Identity.WebAPI", "MangaFatihi.Identity.WebAPI\MangaFatihi.Identity.WebAPI.csproj", "{47B45A62-2979-4047-83D4-F95F3702C83E}"
EndProject
Project("{9A19103F-16F7-4668-BE54-9A1E7A4F7556}") = "MangaFatihi.Shared.Authorize", "MangaFatihi.Shared.Authorize\MangaFatihi.Shared.Authorize.csproj", "{7753A0B5-3E03-44B1-90C5-C4A26425D480}"
EndProject
Project("{2150E333-8FDC-42A3-9474-1A3956D46DE8}") = "03-Persistance", "03-Persistance", "{19F49709-89BA-4FF6-9AFD-2B9E51AC5FAE}"
EndProject
Project("{9A19103F-16F7-4668-BE54-9A1E7A4F7556}") = "MangaFatihi.Identity.Persistance", "MangaFatihi.Identity.Persistance\MangaFatihi.Identity.Persistance.csproj", "{0835A92A-446E-414C-8520-41922872AD38}"
EndProject
Project("{2150E333-8FDC-42A3-9474-1A3956D46DE8}") = "06-Appsettings", "06-Appsettings", "{A1BBFF07-7820-491D-929A-626BA2A3676C}"
EndProject
Project("{9A19103F-16F7-4668-BE54-9A1E7A4F7556}") = "MangaFatihi.Shared.Appsettings", "MangaFatihi.Shared.Appsettings\MangaFatihi.Shared.Appsettings.csproj", "{B9B216FD-D397-4D94-8D8B-8AA157024EE2}"
EndProject
Project("{2150E333-8FDC-42A3-9474-1A3956D46DE8}") = "Solution Items", "Solution Items", "{6E909569-3A4B-465D-A38C-6983ED2E9E91}"
	ProjectSection(SolutionItems) = preProject
		.editorconfig = .editorconfig
	EndProjectSection
EndProject
Global
	GlobalSection(SolutionConfigurationPlatforms) = preSolution
		Debug|Any CPU = Debug|Any CPU
		Release|Any CPU = Release|Any CPU
	EndGlobalSection
	GlobalSection(ProjectConfigurationPlatforms) = postSolution
		{FF893A7A-78F1-4FB0-B038-EA81298E2498}.Debug|Any CPU.ActiveCfg = Debug|Any CPU
		{FF893A7A-78F1-4FB0-B038-EA81298E2498}.Debug|Any CPU.Build.0 = Debug|Any CPU
		{FF893A7A-78F1-4FB0-B038-EA81298E2498}.Release|Any CPU.ActiveCfg = Release|Any CPU
		{FF893A7A-78F1-4FB0-B038-EA81298E2498}.Release|Any CPU.Build.0 = Release|Any CPU
		{509FD588-6690-46D1-A8A4-6B456530A142}.Debug|Any CPU.ActiveCfg = Debug|Any CPU
		{509FD588-6690-46D1-A8A4-6B456530A142}.Debug|Any CPU.Build.0 = Debug|Any CPU
		{509FD588-6690-46D1-A8A4-6B456530A142}.Release|Any CPU.ActiveCfg = Release|Any CPU
		{509FD588-6690-46D1-A8A4-6B456530A142}.Release|Any CPU.Build.0 = Release|Any CPU
		{93D92528-2764-4472-9111-E73A87B0AED4}.Debug|Any CPU.ActiveCfg = Debug|Any CPU
		{93D92528-2764-4472-9111-E73A87B0AED4}.Debug|Any CPU.Build.0 = Debug|Any CPU
		{93D92528-2764-4472-9111-E73A87B0AED4}.Release|Any CPU.ActiveCfg = Release|Any CPU
		{93D92528-2764-4472-9111-E73A87B0AED4}.Release|Any CPU.Build.0 = Release|Any CPU
		{C9ACBF3B-88FC-4843-8891-93B89A010260}.Debug|Any CPU.ActiveCfg = Debug|Any CPU
		{C9ACBF3B-88FC-4843-8891-93B89A010260}.Debug|Any CPU.Build.0 = Debug|Any CPU
		{C9ACBF3B-88FC-4843-8891-93B89A010260}.Release|Any CPU.ActiveCfg = Release|Any CPU
		{C9ACBF3B-88FC-4843-8891-93B89A010260}.Release|Any CPU.Build.0 = Release|Any CPU
		{07C7A748-7DD0-4D7D-9B0B-53F0F7607CC8}.Debug|Any CPU.ActiveCfg = Debug|Any CPU
		{07C7A748-7DD0-4D7D-9B0B-53F0F7607CC8}.Debug|Any CPU.Build.0 = Debug|Any CPU
		{07C7A748-7DD0-4D7D-9B0B-53F0F7607CC8}.Release|Any CPU.ActiveCfg = Release|Any CPU
		{07C7A748-7DD0-4D7D-9B0B-53F0F7607CC8}.Release|Any CPU.Build.0 = Release|Any CPU
		{3FAD2CEB-3F2C-463A-878D-BAF0D46F5528}.Debug|Any CPU.ActiveCfg = Debug|Any CPU
		{3FAD2CEB-3F2C-463A-878D-BAF0D46F5528}.Debug|Any CPU.Build.0 = Debug|Any CPU
		{3FAD2CEB-3F2C-463A-878D-BAF0D46F5528}.Release|Any CPU.ActiveCfg = Release|Any CPU
		{3FAD2CEB-3F2C-463A-878D-BAF0D46F5528}.Release|Any CPU.Build.0 = Release|Any CPU
		{69AAAAC5-E2C7-448C-BBD2-B2206FCD7A99}.Debug|Any CPU.ActiveCfg = Debug|Any CPU
		{69AAAAC5-E2C7-448C-BBD2-B2206FCD7A99}.Debug|Any CPU.Build.0 = Debug|Any CPU
		{69AAAAC5-E2C7-448C-BBD2-B2206FCD7A99}.Release|Any CPU.ActiveCfg = Release|Any CPU
		{69AAAAC5-E2C7-448C-BBD2-B2206FCD7A99}.Release|Any CPU.Build.0 = Release|Any CPU
		{3201E3DD-A9B4-467C-B717-19A897681330}.Debug|Any CPU.ActiveCfg = Debug|Any CPU
		{3201E3DD-A9B4-467C-B717-19A897681330}.Debug|Any CPU.Build.0 = Debug|Any CPU
		{3201E3DD-A9B4-467C-B717-19A897681330}.Release|Any CPU.ActiveCfg = Release|Any CPU
		{3201E3DD-A9B4-467C-B717-19A897681330}.Release|Any CPU.Build.0 = Release|Any CPU
		{46A42EEB-D342-4609-AECA-9BEDBD8F83CC}.Debug|Any CPU.ActiveCfg = Debug|Any CPU
		{46A42EEB-D342-4609-AECA-9BEDBD8F83CC}.Debug|Any CPU.Build.0 = Debug|Any CPU
		{46A42EEB-D342-4609-AECA-9BEDBD8F83CC}.Release|Any CPU.ActiveCfg = Release|Any CPU
		{46A42EEB-D342-4609-AECA-9BEDBD8F83CC}.Release|Any CPU.Build.0 = Release|Any CPU
		{D6D53EB5-722C-402E-BC8F-DCFABA900C28}.Debug|Any CPU.ActiveCfg = Debug|Any CPU
		{D6D53EB5-722C-402E-BC8F-DCFABA900C28}.Debug|Any CPU.Build.0 = Debug|Any CPU
		{D6D53EB5-722C-402E-BC8F-DCFABA900C28}.Release|Any CPU.ActiveCfg = Release|Any CPU
		{D6D53EB5-722C-402E-BC8F-DCFABA900C28}.Release|Any CPU.Build.0 = Release|Any CPU
		{47B45A62-2979-4047-83D4-F95F3702C83E}.Debug|Any CPU.ActiveCfg = Debug|Any CPU
		{47B45A62-2979-4047-83D4-F95F3702C83E}.Debug|Any CPU.Build.0 = Debug|Any CPU
		{47B45A62-2979-4047-83D4-F95F3702C83E}.Release|Any CPU.ActiveCfg = Release|Any CPU
		{47B45A62-2979-4047-83D4-F95F3702C83E}.Release|Any CPU.Build.0 = Release|Any CPU
		{7753A0B5-3E03-44B1-90C5-C4A26425D480}.Debug|Any CPU.ActiveCfg = Debug|Any CPU
		{7753A0B5-3E03-44B1-90C5-C4A26425D480}.Debug|Any CPU.Build.0 = Debug|Any CPU
		{7753A0B5-3E03-44B1-90C5-C4A26425D480}.Release|Any CPU.ActiveCfg = Release|Any CPU
		{7753A0B5-3E03-44B1-90C5-C4A26425D480}.Release|Any CPU.Build.0 = Release|Any CPU
		{0835A92A-446E-414C-8520-41922872AD38}.Debug|Any CPU.ActiveCfg = Debug|Any CPU
		{0835A92A-446E-414C-8520-41922872AD38}.Debug|Any CPU.Build.0 = Debug|Any CPU
		{0835A92A-446E-414C-8520-41922872AD38}.Release|Any CPU.ActiveCfg = Release|Any CPU
		{0835A92A-446E-414C-8520-41922872AD38}.Release|Any CPU.Build.0 = Release|Any CPU
		{B9B216FD-D397-4D94-8D8B-8AA157024EE2}.Debug|Any CPU.ActiveCfg = Debug|Any CPU
		{B9B216FD-D397-4D94-8D8B-8AA157024EE2}.Debug|Any CPU.Build.0 = Debug|Any CPU
		{B9B216FD-D397-4D94-8D8B-8AA157024EE2}.Release|Any CPU.ActiveCfg = Release|Any CPU
		{B9B216FD-D397-4D94-8D8B-8AA157024EE2}.Release|Any CPU.Build.0 = Release|Any CPU
	EndGlobalSection
	GlobalSection(SolutionProperties) = preSolution
		HideSolutionNode = FALSE
	EndGlobalSection
	GlobalSection(NestedProjects) = preSolution
		{FF893A7A-78F1-4FB0-B038-EA81298E2498} = {61DB1F46-4204-48DD-A71E-732DB45958A8}
		{BB5AD33D-06FC-416F-B245-3B2C941F3915} = {A2AB866F-C38C-4D5E-A542-C50F413F45D5}
		{381284D2-F06E-4B58-A20C-EB4183D57A27} = {A2AB866F-C38C-4D5E-A542-C50F413F45D5}
		{A03065E6-922B-4908-B18B-6A24A08BA1F5} = {A2AB866F-C38C-4D5E-A542-C50F413F45D5}
		{8CA801A2-F628-409E-8C46-C10932082B69} = {A2AB866F-C38C-4D5E-A542-C50F413F45D5}
		{F568ED0A-F81A-4D2D-AABC-563F8EBF8E8A} = {BB5AD33D-06FC-416F-B245-3B2C941F3915}
		{B538D0D8-488D-4557-9969-1C65AA3CB79F} = {BB5AD33D-06FC-416F-B245-3B2C941F3915}
		{1F77E8D7-2097-4810-A297-E732DE3DCE59} = {BB5AD33D-06FC-416F-B245-3B2C941F3915}
		{1E702682-A30E-4B41-BAA0-D4778850557E} = {5E56DBA5-521F-4D89-AC61-99D1AA9EAD22}
		{509FD588-6690-46D1-A8A4-6B456530A142} = {1E702682-A30E-4B41-BAA0-D4778850557E}
		{526BB17D-5AE9-4F95-A8B7-91245F61D4CF} = {5E56DBA5-521F-4D89-AC61-99D1AA9EAD22}
		{CC404FDC-802D-4CA0-B65A-3A4DA43D8C08} = {5E56DBA5-521F-4D89-AC61-99D1AA9EAD22}
		{93D92528-2764-4472-9111-E73A87B0AED4} = {526BB17D-5AE9-4F95-A8B7-91245F61D4CF}
		{C9ACBF3B-88FC-4843-8891-93B89A010260} = {F568ED0A-F81A-4D2D-AABC-563F8EBF8E8A}
		{07C7A748-7DD0-4D7D-9B0B-53F0F7607CC8} = {CC404FDC-802D-4CA0-B65A-3A4DA43D8C08}
		{A5A4B2C4-A910-433A-9108-1557660EBA94} = {5E56DBA5-521F-4D89-AC61-99D1AA9EAD22}
		{3FAD2CEB-3F2C-463A-878D-BAF0D46F5528} = {A5A4B2C4-A910-433A-9108-1557660EBA94}
		{69AAAAC5-E2C7-448C-BBD2-B2206FCD7A99} = {B538D0D8-488D-4557-9969-1C65AA3CB79F}
		{3201E3DD-A9B4-467C-B717-19A897681330} = {1F77E8D7-2097-4810-A297-E732DE3DCE59}
		{189918DC-9478-4F5F-8AAC-CA50808A08DD} = {5E56DBA5-521F-4D89-AC61-99D1AA9EAD22}
		{E3FDCA76-53D1-485F-AB85-DE80AAD416AF} = {8CA801A2-F628-409E-8C46-C10932082B69}
		{60244F58-B95C-41A0-BF7E-787F5B7BC64F} = {8CA801A2-F628-409E-8C46-C10932082B69}
		{3AE8D1DA-5D77-4E9F-A20F-F1703F4655E0} = {8CA801A2-F628-409E-8C46-C10932082B69}
		{46A42EEB-D342-4609-AECA-9BEDBD8F83CC} = {E3FDCA76-53D1-485F-AB85-DE80AAD416AF}
		{D6D53EB5-722C-402E-BC8F-DCFABA900C28} = {60244F58-B95C-41A0-BF7E-787F5B7BC64F}
		{47B45A62-2979-4047-83D4-F95F3702C83E} = {3AE8D1DA-5D77-4E9F-A20F-F1703F4655E0}
		{7753A0B5-3E03-44B1-90C5-C4A26425D480} = {189918DC-9478-4F5F-8AAC-CA50808A08DD}
		{19F49709-89BA-4FF6-9AFD-2B9E51AC5FAE} = {8CA801A2-F628-409E-8C46-C10932082B69}
		{0835A92A-446E-414C-8520-41922872AD38} = {19F49709-89BA-4FF6-9AFD-2B9E51AC5FAE}
		{A1BBFF07-7820-491D-929A-626BA2A3676C} = {5E56DBA5-521F-4D89-AC61-99D1AA9EAD22}
		{B9B216FD-D397-4D94-8D8B-8AA157024EE2} = {A1BBFF07-7820-491D-929A-626BA2A3676C}
	EndGlobalSection
	GlobalSection(ExtensibilityGlobals) = postSolution
		SolutionGuid = {5316D521-66B4-495B-A4EE-9EEA06CB3D68}
	EndGlobalSection
EndGlobal
